
Microsoft Visual Studio Solution File, Format Version 12.00
# Visual Studio Version 17
VisualStudioVersion = 17.3.32901.215
MinimumVisualStudioVersion = 10.0.40219.1
Project("{FAE04EC0-301F-11D3-BF4B-00C04F79EFBC}") = "Slack-Integration", "Slack-Integration\Slack-Integration.csproj", "{B457A4C3-3C6D-498B-B8DE-E4163725AB72}"
EndProject
Global
	GlobalSection(SolutionConfigurationPlatforms) = preSolution
		Debug|Any CPU = Debug|Any CPU
		Release|Any CPU = Release|Any CPU
	EndGlobalSection
	GlobalSection(ProjectConfigurationPlatforms) = postSolution
		{B457A4C3-3C6D-498B-B8DE-E4163725AB72}.Debug|Any CPU.ActiveCfg = Debug|Any CPU
		{B457A4C3-3C6D-498B-B8DE-E4163725AB72}.Debug|Any CPU.Build.0 = Debug|Any CPU
		{B457A4C3-3C6D-498B-B8DE-E4163725AB72}.Release|Any CPU.ActiveCfg = Release|Any CPU
		{B457A4C3-3C6D-498B-B8DE-E4163725AB72}.Release|Any CPU.Build.0 = Release|Any CPU
	EndGlobalSection
	GlobalSection(SolutionProperties) = preSolution
		HideSolutionNode = FALSE
	EndGlobalSection
	GlobalSection(ExtensibilityGlobals) = postSolution
		SolutionGuid = {6A0DEF70-B4BA-4935-B9B4-4FE2A83DCFD7}
	EndGlobalSection
EndGlobal
